
Microsoft Visual Studio Solution File, Format Version 12.00
# Visual Studio Version 17
VisualStudioVersion = 17.7.34221.43
MinimumVisualStudioVersion = 10.0.40219.1
Project("{FAE04EC0-301F-11D3-BF4B-00C04F79EFBC}") = "PL", "PL\PL.csproj", "{61C6BA45-1BFC-4FA1-8A73-7814EF7ECC7F}"
EndProject
Global
	GlobalSection(SolutionConfigurationPlatforms) = preSolution
		Debug|Any CPU = Debug|Any CPU
		Release|Any CPU = Release|Any CPU
	EndGlobalSection
	GlobalSection(ProjectConfigurationPlatforms) = postSolution
		{61C6BA45-1BFC-4FA1-8A73-7814EF7ECC7F}.Debug|Any CPU.ActiveCfg = Debug|Any CPU
		{61C6BA45-1BFC-4FA1-8A73-7814EF7ECC7F}.Debug|Any CPU.Build.0 = Debug|Any CPU
		{61C6BA45-1BFC-4FA1-8A73-7814EF7ECC7F}.Release|Any CPU.ActiveCfg = Release|Any CPU
		{61C6BA45-1BFC-4FA1-8A73-7814EF7ECC7F}.Release|Any CPU.Build.0 = Release|Any CPU
	EndGlobalSection
	GlobalSection(SolutionProperties) = preSolution
		HideSolutionNode = FALSE
	EndGlobalSection
	GlobalSection(ExtensibilityGlobals) = postSolution
		SolutionGuid = {C9A89E03-DB2D-4829-856E-FF90C89BC5EA}
	EndGlobalSection
EndGlobal
